
Microsoft Visual Studio Solution File, Format Version 12.00
# Visual Studio Version 17
VisualStudioVersion = 17.7.34018.315
MinimumVisualStudioVersion = 10.0.40219.1
Project("{FAE04EC0-301F-11D3-BF4B-00C04F79EFBC}") = "GUI", "DoAn\GUI.csproj", "{725B048A-969A-413A-B2B0-267935367495}"
EndProject
Project("{FAE04EC0-301F-11D3-BF4B-00C04F79EFBC}") = "DAL", "DAL\DAL.csproj", "{50A677B6-C8F0-445D-BE15-1179B659E403}"
EndProject
Project("{FAE04EC0-301F-11D3-BF4B-00C04F79EFBC}") = "BLL", "BLL\BLL.csproj", "{82F20CF3-8D90-43EC-B31D-B6AF0845CEB7}"
EndProject
Global
	GlobalSection(SolutionConfigurationPlatforms) = preSolution
		Debug|Any CPU = Debug|Any CPU
		Release|Any CPU = Release|Any CPU
	EndGlobalSection
	GlobalSection(ProjectConfigurationPlatforms) = postSolution
		{725B048A-969A-413A-B2B0-267935367495}.Debug|Any CPU.ActiveCfg = Debug|Any CPU
		{725B048A-969A-413A-B2B0-267935367495}.Debug|Any CPU.Build.0 = Debug|Any CPU
		{725B048A-969A-413A-B2B0-267935367495}.Release|Any CPU.ActiveCfg = Release|Any CPU
		{725B048A-969A-413A-B2B0-267935367495}.Release|Any CPU.Build.0 = Release|Any CPU
		{50A677B6-C8F0-445D-BE15-1179B659E403}.Debug|Any CPU.ActiveCfg = Debug|Any CPU
		{50A677B6-C8F0-445D-BE15-1179B659E403}.Debug|Any CPU.Build.0 = Debug|Any CPU
		{50A677B6-C8F0-445D-BE15-1179B659E403}.Release|Any CPU.ActiveCfg = Release|Any CPU
		{50A677B6-C8F0-445D-BE15-1179B659E403}.Release|Any CPU.Build.0 = Release|Any CPU
		{82F20CF3-8D90-43EC-B31D-B6AF0845CEB7}.Debug|Any CPU.ActiveCfg = Debug|Any CPU
		{82F20CF3-8D90-43EC-B31D-B6AF0845CEB7}.Debug|Any CPU.Build.0 = Debug|Any CPU
		{82F20CF3-8D90-43EC-B31D-B6AF0845CEB7}.Release|Any CPU.ActiveCfg = Release|Any CPU
		{82F20CF3-8D90-43EC-B31D-B6AF0845CEB7}.Release|Any CPU.Build.0 = Release|Any CPU
	EndGlobalSection
	GlobalSection(SolutionProperties) = preSolution
		HideSolutionNode = FALSE
	EndGlobalSection
	GlobalSection(ExtensibilityGlobals) = postSolution
		SolutionGuid = {B9BC5C84-B949-4F7E-8B0A-80F6D532CF51}
	EndGlobalSection
EndGlobal
